
Microsoft Visual Studio Solution File, Format Version 12.00
# Visual Studio 15
VisualStudioVersion = 15.0.28010.2046
MinimumVisualStudioVersion = 10.0.40219.1
Project("{FAE04EC0-301F-11D3-BF4B-00C04F79EFBC}") = "ChromiumUpdathe", "ChromiumUpdathe\ChromiumUpdathe.csproj", "{256CDFE6-D108-4355-97C9-2CF2AA11305B}"
EndProject
Project("{2150E333-8FDC-42A3-9474-1A3956D46DE8}") = "Solution Items", "Solution Items", "{A6B62E83-F9E6-4D66-A2D3-C55F962406FC}"
	ProjectSection(SolutionItems) = preProject
		Readme.md = Readme.md
	EndProjectSection
EndProject
Global
	GlobalSection(SolutionConfigurationPlatforms) = preSolution
		Debug|Any CPU = Debug|Any CPU
		Release|Any CPU = Release|Any CPU
	EndGlobalSection
	GlobalSection(ProjectConfigurationPlatforms) = postSolution
		{256CDFE6-D108-4355-97C9-2CF2AA11305B}.Debug|Any CPU.ActiveCfg = Debug|Any CPU
		{256CDFE6-D108-4355-97C9-2CF2AA11305B}.Debug|Any CPU.Build.0 = Debug|Any CPU
		{256CDFE6-D108-4355-97C9-2CF2AA11305B}.Release|Any CPU.ActiveCfg = Release|Any CPU
		{256CDFE6-D108-4355-97C9-2CF2AA11305B}.Release|Any CPU.Build.0 = Release|Any CPU
	EndGlobalSection
	GlobalSection(SolutionProperties) = preSolution
		HideSolutionNode = FALSE
	EndGlobalSection
	GlobalSection(ExtensibilityGlobals) = postSolution
		SolutionGuid = {D099A54C-D0FA-4532-8B39-6C03B86A3CBB}
	EndGlobalSection
EndGlobal
